// !$*UTF8*$!
{
	archiveVersion = 1;
	classes = {
	};
	objectVersion = 46;
	objects = {

/* Begin PBXBuildFile section */
		4B05255B17393B4800989699 /* FareSplashScreenViewController.m in Sources */ = {isa = PBXBuildFile; fileRef = 4B05255A17393B4800989699 /* FareSplashScreenViewController.m */; };
		4B6C5B4B16EB93C200673253 /* FareAzureWebServices.m in Sources */ = {isa = PBXBuildFile; fileRef = 4B6C5B4A16EB93C200673253 /* FareAzureWebServices.m */; };
		4B75928116E3B86800E97980 /* UIKit.framework in Frameworks */ = {isa = PBXBuildFile; fileRef = 4B75928016E3B86800E97980 /* UIKit.framework */; };
		4B75928316E3B86800E97980 /* Foundation.framework in Frameworks */ = {isa = PBXBuildFile; fileRef = 4B75928216E3B86800E97980 /* Foundation.framework */; };
		4B75928516E3B86800E97980 /* CoreGraphics.framework in Frameworks */ = {isa = PBXBuildFile; fileRef = 4B75928416E3B86800E97980 /* CoreGraphics.framework */; };
		4B75928B16E3B86800E97980 /* InfoPlist.strings in Resources */ = {isa = PBXBuildFile; fileRef = 4B75928916E3B86800E97980 /* InfoPlist.strings */; };
		4B75928D16E3B86800E97980 /* main.m in Sources */ = {isa = PBXBuildFile; fileRef = 4B75928C16E3B86800E97980 /* main.m */; };
		4B75929116E3B86800E97980 /* FareAppDelegate.m in Sources */ = {isa = PBXBuildFile; fileRef = 4B75929016E3B86800E97980 /* FareAppDelegate.m */; };
		4B75929316E3B86800E97980 /* Default.png in Resources */ = {isa = PBXBuildFile; fileRef = 4B75929216E3B86800E97980 /* Default.png */; };
		4B75929516E3B86800E97980 /* Default@2x.png in Resources */ = {isa = PBXBuildFile; fileRef = 4B75929416E3B86800E97980 /* Default@2x.png */; };
		4B75929716E3B86800E97980 /* Default-568h@2x.png in Resources */ = {isa = PBXBuildFile; fileRef = 4B75929616E3B86800E97980 /* Default-568h@2x.png */; };
		4B75929A16E3B86800E97980 /* MainStoryboard.storyboard in Resources */ = {isa = PBXBuildFile; fileRef = 4B75929816E3B86800E97980 /* MainStoryboard.storyboard */; };
		4B7592A516E3C1FB00E97980 /* HomeTableViewController.m in Sources */ = {isa = PBXBuildFile; fileRef = 4B7592A416E3C1FB00E97980 /* HomeTableViewController.m */; };
		4B8A7C48172D82AD0004D2A1 /* FareResultsViewController.m in Sources */ = {isa = PBXBuildFile; fileRef = 4B8A7C47172D82AD0004D2A1 /* FareResultsViewController.m */; };
		4BADFEC21738363600836CC4 /* FareBracketCell.m in Sources */ = {isa = PBXBuildFile; fileRef = 4BADFEC11738363600836CC4 /* FareBracketCell.m */; };
		4BADFED217385C5400836CC4 /* AppIcon.png in Resources */ = {isa = PBXBuildFile; fileRef = 4BADFED117385C5400836CC4 /* AppIcon.png */; };
		4BADFED417385C5D00836CC4 /* AppIcon@2x.png in Resources */ = {isa = PBXBuildFile; fileRef = 4BADFED317385C5D00836CC4 /* AppIcon@2x.png */; };
		4BADFF0C1739314D00836CC4 /* add_to_faves.png in Resources */ = {isa = PBXBuildFile; fileRef = 4BADFEF41739314C00836CC4 /* add_to_faves.png */; };
		4BADFF0D1739314D00836CC4 /* add_to_faves@2x.png in Resources */ = {isa = PBXBuildFile; fileRef = 4BADFEF51739314C00836CC4 /* add_to_faves@2x.png */; };
		4BADFF0E1739314D00836CC4 /* adult.png in Resources */ = {isa = PBXBuildFile; fileRef = 4BADFEF61739314C00836CC4 /* adult.png */; };
		4BADFF0F1739314D00836CC4 /* adult@2x.png in Resources */ = {isa = PBXBuildFile; fileRef = 4BADFEF71739314C00836CC4 /* adult@2x.png */; };
		4BADFF101739314D00836CC4 /* both_luas.png in Resources */ = {isa = PBXBuildFile; fileRef = 4BADFEF81739314C00836CC4 /* both_luas.png */; };
		4BADFF111739314D00836CC4 /* both@2x.png in Resources */ = {isa = PBXBuildFile; fileRef = 4BADFEF91739314C00836CC4 /* both@2x.png */; };
		4BADFF121739314D00836CC4 /* child.png in Resources */ = {isa = PBXBuildFile; fileRef = 4BADFEFA1739314C00836CC4 /* child.png */; };
		4BADFF131739314D00836CC4 /* child@2x.png in Resources */ = {isa = PBXBuildFile; fileRef = 4BADFEFB1739314C00836CC4 /* child@2x.png */; };
		4BADFF141739314D00836CC4 /* favourites.png in Resources */ = {isa = PBXBuildFile; fileRef = 4BADFEFC1739314C00836CC4 /* favourites.png */; };
		4BADFF151739314D00836CC4 /* favourites@2x.png in Resources */ = {isa = PBXBuildFile; fileRef = 4BADFEFD1739314C00836CC4 /* favourites@2x.png */; };
		4BADFF161739314D00836CC4 /* green_luas.png in Resources */ = {isa = PBXBuildFile; fileRef = 4BADFEFE1739314C00836CC4 /* green_luas.png */; };
		4BADFF171739314D00836CC4 /* green@2x.png in Resources */ = {isa = PBXBuildFile; fileRef = 4BADFEFF1739314C00836CC4 /* green@2x.png */; };
		4BADFF181739314D00836CC4 /* logo.png in Resources */ = {isa = PBXBuildFile; fileRef = 4BADFF001739314C00836CC4 /* logo.png */; };
		4BADFF191739314D00836CC4 /* logo@2x.png in Resources */ = {isa = PBXBuildFile; fileRef = 4BADFF011739314C00836CC4 /* logo@2x.png */; };
		4BADFF1A1739314D00836CC4 /* PaymentPlatformDeselected.png in Resources */ = {isa = PBXBuildFile; fileRef = 4BADFF021739314C00836CC4 /* PaymentPlatformDeselected.png */; };
		4BADFF1B1739314D00836CC4 /* PaymentPlatformDeselected@2x.png in Resources */ = {isa = PBXBuildFile; fileRef = 4BADFF031739314C00836CC4 /* PaymentPlatformDeselected@2x.png */; };
		4BADFF1C1739314D00836CC4 /* PaymentPlatformSelected.png in Resources */ = {isa = PBXBuildFile; fileRef = 4BADFF041739314C00836CC4 /* PaymentPlatformSelected.png */; };
		4BADFF1D1739314D00836CC4 /* PaymentPlatformSelected@2x.png in Resources */ = {isa = PBXBuildFile; fileRef = 4BADFF051739314C00836CC4 /* PaymentPlatformSelected@2x.png */; };
		4BADFF1E1739314D00836CC4 /* rail.png in Resources */ = {isa = PBXBuildFile; fileRef = 4BADFF061739314D00836CC4 /* rail.png */; };
		4BADFF1F1739314D00836CC4 /* rail@2x.png in Resources */ = {isa = PBXBuildFile; fileRef = 4BADFF071739314D00836CC4 /* rail@2x.png */; };
		4BADFF201739314D00836CC4 /* red_luas.png in Resources */ = {isa = PBXBuildFile; fileRef = 4BADFF081739314D00836CC4 /* red_luas.png */; };
		4BADFF211739314D00836CC4 /* red@2x.png in Resources */ = {isa = PBXBuildFile; fileRef = 4BADFF091739314D00836CC4 /* red@2x.png */; };
		4BADFF221739314D00836CC4 /* student.png in Resources */ = {isa = PBXBuildFile; fileRef = 4BADFF0A1739314D00836CC4 /* student.png */; };
		4BADFF231739314D00836CC4 /* student@2x.png in Resources */ = {isa = PBXBuildFile; fileRef = 4BADFF0B1739314D00836CC4 /* student@2x.png */; };
		4BADFF261739366800836CC4 /* splash_screen.png in Resources */ = {isa = PBXBuildFile; fileRef = 4BADFF241739366800836CC4 /* splash_screen.png */; };
		4BADFF271739366800836CC4 /* splash_screen@2x.png in Resources */ = {isa = PBXBuildFile; fileRef = 4BADFF251739366800836CC4 /* splash_screen@2x.png */; };
		4BC0618716E8DDBE0067889B /* WindowsAzureMobileServices.framework in Frameworks */ = {isa = PBXBuildFile; fileRef = 4BC0618616E8DDBE0067889B /* WindowsAzureMobileServices.framework */; };
		4BC0618A16E9154A0067889B /* StopSelectTableViewController.m in Sources */ = {isa = PBXBuildFile; fileRef = 4BC0618916E9154A0067889B /* StopSelectTableViewController.m */; };
/* End PBXBuildFile section */

/* Begin PBXFileReference section */
		4B05255917393B4800989699 /* FareSplashScreenViewController.h */ = {isa = PBXFileReference; fileEncoding = 4; lastKnownFileType = sourcecode.c.h; path = FareSplashScreenViewController.h; sourceTree = "<group>"; };
		4B05255A17393B4800989699 /* FareSplashScreenViewController.m */ = {isa = PBXFileReference; fileEncoding = 4; lastKnownFileType = sourcecode.c.objc; path = FareSplashScreenViewController.m; sourceTree = "<group>"; };
		4B6C5B4916EB93C200673253 /* FareAzureWebServices.h */ = {isa = PBXFileReference; fileEncoding = 4; lastKnownFileType = sourcecode.c.h; path = FareAzureWebServices.h; sourceTree = "<group>"; };
		4B6C5B4A16EB93C200673253 /* FareAzureWebServices.m */ = {isa = PBXFileReference; fileEncoding = 4; lastKnownFileType = sourcecode.c.objc; path = FareAzureWebServices.m; sourceTree = "<group>"; };
		4B75927D16E3B86800E97980 /* What's My Fare.app */ = {isa = PBXFileReference; explicitFileType = wrapper.application; includeInIndex = 0; path = "What's My Fare.app"; sourceTree = BUILT_PRODUCTS_DIR; };
		4B75928016E3B86800E97980 /* UIKit.framework */ = {isa = PBXFileReference; lastKnownFileType = wrapper.framework; name = UIKit.framework; path = System/Library/Frameworks/UIKit.framework; sourceTree = SDKROOT; };
		4B75928216E3B86800E97980 /* Foundation.framework */ = {isa = PBXFileReference; lastKnownFileType = wrapper.framework; name = Foundation.framework; path = System/Library/Frameworks/Foundation.framework; sourceTree = SDKROOT; };
		4B75928416E3B86800E97980 /* CoreGraphics.framework */ = {isa = PBXFileReference; lastKnownFileType = wrapper.framework; name = CoreGraphics.framework; path = System/Library/Frameworks/CoreGraphics.framework; sourceTree = SDKROOT; };
		4B75928816E3B86800E97980 /* What's My Fare-Info.plist */ = {isa = PBXFileReference; lastKnownFileType = text.plist.xml; path = "What's My Fare-Info.plist"; sourceTree = "<group>"; };
		4B75928A16E3B86800E97980 /* en */ = {isa = PBXFileReference; lastKnownFileType = text.plist.strings; name = en; path = en.lproj/InfoPlist.strings; sourceTree = "<group>"; };
		4B75928C16E3B86800E97980 /* main.m */ = {isa = PBXFileReference; lastKnownFileType = sourcecode.c.objc; path = main.m; sourceTree = "<group>"; };
		4B75928E16E3B86800E97980 /* What's My Fare-Prefix.pch */ = {isa = PBXFileReference; lastKnownFileType = sourcecode.c.h; path = "What's My Fare-Prefix.pch"; sourceTree = "<group>"; };
		4B75928F16E3B86800E97980 /* FareAppDelegate.h */ = {isa = PBXFileReference; lastKnownFileType = sourcecode.c.h; path = FareAppDelegate.h; sourceTree = "<group>"; };
		4B75929016E3B86800E97980 /* FareAppDelegate.m */ = {isa = PBXFileReference; lastKnownFileType = sourcecode.c.objc; path = FareAppDelegate.m; sourceTree = "<group>"; };
		4B75929216E3B86800E97980 /* Default.png */ = {isa = PBXFileReference; lastKnownFileType = image.png; path = Default.png; sourceTree = "<group>"; };
		4B75929416E3B86800E97980 /* Default@2x.png */ = {isa = PBXFileReference; lastKnownFileType = image.png; path = "Default@2x.png"; sourceTree = "<group>"; };
		4B75929616E3B86800E97980 /* Default-568h@2x.png */ = {isa = PBXFileReference; lastKnownFileType = image.png; path = "Default-568h@2x.png"; sourceTree = "<group>"; };
		4B75929916E3B86800E97980 /* en */ = {isa = PBXFileReference; lastKnownFileType = file.storyboard; name = en; path = en.lproj/MainStoryboard.storyboard; sourceTree = "<group>"; };
		4B7592A316E3C1FB00E97980 /* HomeTableViewController.h */ = {isa = PBXFileReference; fileEncoding = 4; lastKnownFileType = sourcecode.c.h; path = HomeTableViewController.h; sourceTree = "<group>"; };
		4B7592A416E3C1FB00E97980 /* HomeTableViewController.m */ = {isa = PBXFileReference; fileEncoding = 4; lastKnownFileType = sourcecode.c.objc; path = HomeTableViewController.m; sourceTree = "<group>"; };
		4B8A7C46172D82AD0004D2A1 /* FareResultsViewController.h */ = {isa = PBXFileReference; fileEncoding = 4; lastKnownFileType = sourcecode.c.h; path = FareResultsViewController.h; sourceTree = "<group>"; };
		4B8A7C47172D82AD0004D2A1 /* FareResultsViewController.m */ = {isa = PBXFileReference; fileEncoding = 4; lastKnownFileType = sourcecode.c.objc; path = FareResultsViewController.m; sourceTree = "<group>"; };
		4BADFEC01738363600836CC4 /* FareBracketCell.h */ = {isa = PBXFileReference; fileEncoding = 4; lastKnownFileType = sourcecode.c.h; path = FareBracketCell.h; sourceTree = "<group>"; };
		4BADFEC11738363600836CC4 /* FareBracketCell.m */ = {isa = PBXFileReference; fileEncoding = 4; lastKnownFileType = sourcecode.c.objc; path = FareBracketCell.m; sourceTree = "<group>"; };
		4BADFED117385C5400836CC4 /* AppIcon.png */ = {isa = PBXFileReference; lastKnownFileType = image.png; name = AppIcon.png; path = ../AppIcon.png; sourceTree = "<group>"; };
		4BADFED317385C5D00836CC4 /* AppIcon@2x.png */ = {isa = PBXFileReference; lastKnownFileType = image.png; name = "AppIcon@2x.png"; path = "../AppIcon@2x.png"; sourceTree = "<group>"; };
		4BADFEF41739314C00836CC4 /* add_to_faves.png */ = {isa = PBXFileReference; lastKnownFileType = image.png; path = add_to_faves.png; sourceTree = "<group>"; };
		4BADFEF51739314C00836CC4 /* add_to_faves@2x.png */ = {isa = PBXFileReference; lastKnownFileType = image.png; path = "add_to_faves@2x.png"; sourceTree = "<group>"; };
		4BADFEF61739314C00836CC4 /* adult.png */ = {isa = PBXFileReference; lastKnownFileType = image.png; path = adult.png; sourceTree = "<group>"; };
		4BADFEF71739314C00836CC4 /* adult@2x.png */ = {isa = PBXFileReference; lastKnownFileType = image.png; path = "adult@2x.png"; sourceTree = "<group>"; };
		4BADFEF81739314C00836CC4 /* both_luas.png */ = {isa = PBXFileReference; lastKnownFileType = image.png; path = both_luas.png; sourceTree = "<group>"; };
		4BADFEF91739314C00836CC4 /* both@2x.png */ = {isa = PBXFileReference; lastKnownFileType = image.png; path = "both@2x.png"; sourceTree = "<group>"; };
		4BADFEFA1739314C00836CC4 /* child.png */ = {isa = PBXFileReference; lastKnownFileType = image.png; path = child.png; sourceTree = "<group>"; };
		4BADFEFB1739314C00836CC4 /* child@2x.png */ = {isa = PBXFileReference; lastKnownFileType = image.png; path = "child@2x.png"; sourceTree = "<group>"; };
		4BADFEFC1739314C00836CC4 /* favourites.png */ = {isa = PBXFileReference; lastKnownFileType = image.png; path = favourites.png; sourceTree = "<group>"; };
		4BADFEFD1739314C00836CC4 /* favourites@2x.png */ = {isa = PBXFileReference; lastKnownFileType = image.png; path = "favourites@2x.png"; sourceTree = "<group>"; };
		4BADFEFE1739314C00836CC4 /* green_luas.png */ = {isa = PBXFileReference; lastKnownFileType = image.png; path = green_luas.png; sourceTree = "<group>"; };
		4BADFEFF1739314C00836CC4 /* green@2x.png */ = {isa = PBXFileReference; lastKnownFileType = image.png; path = "green@2x.png"; sourceTree = "<group>"; };
		4BADFF001739314C00836CC4 /* logo.png */ = {isa = PBXFileReference; lastKnownFileType = image.png; path = logo.png; sourceTree = "<group>"; };
		4BADFF011739314C00836CC4 /* logo@2x.png */ = {isa = PBXFileReference; lastKnownFileType = image.png; path = "logo@2x.png"; sourceTree = "<group>"; };
		4BADFF021739314C00836CC4 /* PaymentPlatformDeselected.png */ = {isa = PBXFileReference; lastKnownFileType = image.png; path = PaymentPlatformDeselected.png; sourceTree = "<group>"; };
		4BADFF031739314C00836CC4 /* PaymentPlatformDeselected@2x.png */ = {isa = PBXFileReference; lastKnownFileType = image.png; path = "PaymentPlatformDeselected@2x.png"; sourceTree = "<group>"; };
		4BADFF041739314C00836CC4 /* PaymentPlatformSelected.png */ = {isa = PBXFileReference; lastKnownFileType = image.png; path = PaymentPlatformSelected.png; sourceTree = "<group>"; };
		4BADFF051739314C00836CC4 /* PaymentPlatformSelected@2x.png */ = {isa = PBXFileReference; lastKnownFileType = image.png; path = "PaymentPlatformSelected@2x.png"; sourceTree = "<group>"; };
		4BADFF061739314D00836CC4 /* rail.png */ = {isa = PBXFileReference; lastKnownFileType = image.png; path = rail.png; sourceTree = "<group>"; };
		4BADFF071739314D00836CC4 /* rail@2x.png */ = {isa = PBXFileReference; lastKnownFileType = image.png; path = "rail@2x.png"; sourceTree = "<group>"; };
		4BADFF081739314D00836CC4 /* red_luas.png */ = {isa = PBXFileReference; lastKnownFileType = image.png; path = red_luas.png; sourceTree = "<group>"; };
		4BADFF091739314D00836CC4 /* red@2x.png */ = {isa = PBXFileReference; lastKnownFileType = image.png; path = "red@2x.png"; sourceTree = "<group>"; };
		4BADFF0A1739314D00836CC4 /* student.png */ = {isa = PBXFileReference; lastKnownFileType = image.png; path = student.png; sourceTree = "<group>"; };
		4BADFF0B1739314D00836CC4 /* student@2x.png */ = {isa = PBXFileReference; lastKnownFileType = image.png; path = "student@2x.png"; sourceTree = "<group>"; };
		4BADFF241739366800836CC4 /* splash_screen.png */ = {isa = PBXFileReference; lastKnownFileType = image.png; path = splash_screen.png; sourceTree = "<group>"; };
		4BADFF251739366800836CC4 /* splash_screen@2x.png */ = {isa = PBXFileReference; lastKnownFileType = image.png; path = "splash_screen@2x.png"; sourceTree = "<group>"; };
		4BC0618616E8DDBE0067889B /* WindowsAzureMobileServices.framework */ = {isa = PBXFileReference; lastKnownFileType = wrapper.framework; path = WindowsAzureMobileServices.framework; sourceTree = "<group>"; };
		4BC0618816E9154A0067889B /* StopSelectTableViewController.h */ = {isa = PBXFileReference; fileEncoding = 4; lastKnownFileType = sourcecode.c.h; path = StopSelectTableViewController.h; sourceTree = "<group>"; };
		4BC0618916E9154A0067889B /* StopSelectTableViewController.m */ = {isa = PBXFileReference; fileEncoding = 4; lastKnownFileType = sourcecode.c.objc; path = StopSelectTableViewController.m; sourceTree = "<group>"; };
/* End PBXFileReference section */

/* Begin PBXFrameworksBuildPhase section */
		4B75927A16E3B86800E97980 /* Frameworks */ = {
			isa = PBXFrameworksBuildPhase;
			buildActionMask = 2147483647;
			files = (
				4B75928116E3B86800E97980 /* UIKit.framework in Frameworks */,
				4B75928316E3B86800E97980 /* Foundation.framework in Frameworks */,
				4B75928516E3B86800E97980 /* CoreGraphics.framework in Frameworks */,
				4BC0618716E8DDBE0067889B /* WindowsAzureMobileServices.framework in Frameworks */,
			);
			runOnlyForDeploymentPostprocessing = 0;
		};
/* End PBXFrameworksBuildPhase section */

/* Begin PBXGroup section */
		4B75927416E3B86800E97980 = {
			isa = PBXGroup;
			children = (
				4B75928616E3B86800E97980 /* What's My Fare */,
				4B75927F16E3B86800E97980 /* Frameworks */,
				4B75927E16E3B86800E97980 /* Products */,
			);
			sourceTree = "<group>";
		};
		4B75927E16E3B86800E97980 /* Products */ = {
			isa = PBXGroup;
			children = (
				4B75927D16E3B86800E97980 /* What's My Fare.app */,
			);
			name = Products;
			sourceTree = "<group>";
		};
		4B75927F16E3B86800E97980 /* Frameworks */ = {
			isa = PBXGroup;
			children = (
				4BC0618616E8DDBE0067889B /* WindowsAzureMobileServices.framework */,
				4B75928016E3B86800E97980 /* UIKit.framework */,
				4B75928216E3B86800E97980 /* Foundation.framework */,
				4B75928416E3B86800E97980 /* CoreGraphics.framework */,
			);
			name = Frameworks;
			sourceTree = "<group>";
		};
		4B75928616E3B86800E97980 /* What's My Fare */ = {
			isa = PBXGroup;
			children = (
				4BADFEB71738060400836CC4 /* Images */,
				4B75928F16E3B86800E97980 /* FareAppDelegate.h */,
				4B75929016E3B86800E97980 /* FareAppDelegate.m */,
				4B75929816E3B86800E97980 /* MainStoryboard.storyboard */,
				4B8A7C46172D82AD0004D2A1 /* FareResultsViewController.h */,
				4B8A7C47172D82AD0004D2A1 /* FareResultsViewController.m */,
				4B05255917393B4800989699 /* FareSplashScreenViewController.h */,
				4B05255A17393B4800989699 /* FareSplashScreenViewController.m */,
				4B7592A316E3C1FB00E97980 /* HomeTableViewController.h */,
				4B7592A416E3C1FB00E97980 /* HomeTableViewController.m */,
				4BC0618816E9154A0067889B /* StopSelectTableViewController.h */,
				4BC0618916E9154A0067889B /* StopSelectTableViewController.m */,
				4B6C5B4916EB93C200673253 /* FareAzureWebServices.h */,
				4B6C5B4A16EB93C200673253 /* FareAzureWebServices.m */,
				4B75928716E3B86800E97980 /* Supporting Files */,
			);
			path = "What's My Fare";
			sourceTree = "<group>";
		};
		4B75928716E3B86800E97980 /* Supporting Files */ = {
			isa = PBXGroup;
			children = (
				4BADFEC01738363600836CC4 /* FareBracketCell.h */,
				4BADFEC11738363600836CC4 /* FareBracketCell.m */,
				4B75928816E3B86800E97980 /* What's My Fare-Info.plist */,
				4B75928916E3B86800E97980 /* InfoPlist.strings */,
				4B75928C16E3B86800E97980 /* main.m */,
				4B75928E16E3B86800E97980 /* What's My Fare-Prefix.pch */,
				4B75929216E3B86800E97980 /* Default.png */,
				4B75929416E3B86800E97980 /* Default@2x.png */,
				4B75929616E3B86800E97980 /* Default-568h@2x.png */,
			);
			name = "Supporting Files";
			sourceTree = "<group>";
		};
		4BADFEB71738060400836CC4 /* Images */ = {
			isa = PBXGroup;
			children = (
				4BADFED317385C5D00836CC4 /* AppIcon@2x.png */,
				4BADFED117385C5400836CC4 /* AppIcon.png */,
				4BADFF241739366800836CC4 /* splash_screen.png */,
				4BADFF251739366800836CC4 /* splash_screen@2x.png */,
				4BADFEF41739314C00836CC4 /* add_to_faves.png */,
				4BADFEF51739314C00836CC4 /* add_to_faves@2x.png */,
				4BADFEF61739314C00836CC4 /* adult.png */,
				4BADFEF71739314C00836CC4 /* adult@2x.png */,
				4BADFEF81739314C00836CC4 /* both_luas.png */,
				4BADFEF91739314C00836CC4 /* both@2x.png */,
				4BADFEFA1739314C00836CC4 /* child.png */,
				4BADFEFB1739314C00836CC4 /* child@2x.png */,
				4BADFEFC1739314C00836CC4 /* favourites.png */,
				4BADFEFD1739314C00836CC4 /* favourites@2x.png */,
				4BADFEFE1739314C00836CC4 /* green_luas.png */,
				4BADFEFF1739314C00836CC4 /* green@2x.png */,
				4BADFF001739314C00836CC4 /* logo.png */,
				4BADFF011739314C00836CC4 /* logo@2x.png */,
				4BADFF021739314C00836CC4 /* PaymentPlatformDeselected.png */,
				4BADFF031739314C00836CC4 /* PaymentPlatformDeselected@2x.png */,
				4BADFF041739314C00836CC4 /* PaymentPlatformSelected.png */,
				4BADFF051739314C00836CC4 /* PaymentPlatformSelected@2x.png */,
				4BADFF061739314D00836CC4 /* rail.png */,
				4BADFF071739314D00836CC4 /* rail@2x.png */,
				4BADFF081739314D00836CC4 /* red_luas.png */,
				4BADFF091739314D00836CC4 /* red@2x.png */,
				4BADFF0A1739314D00836CC4 /* student.png */,
				4BADFF0B1739314D00836CC4 /* student@2x.png */,
			);
			name = Images;
			sourceTree = "<group>";
		};
/* End PBXGroup section */

/* Begin PBXNativeTarget section */
		4B75927C16E3B86800E97980 /* What's My Fare */ = {
			isa = PBXNativeTarget;
			buildConfigurationList = 4B7592A016E3B86800E97980 /* Build configuration list for PBXNativeTarget "What's My Fare" */;
			buildPhases = (
				4B75927916E3B86800E97980 /* Sources */,
				4B75927A16E3B86800E97980 /* Frameworks */,
				4B75927B16E3B86800E97980 /* Resources */,
			);
			buildRules = (
			);
			dependencies = (
			);
			name = "What's My Fare";
			productName = "What's My Fare";
			productReference = 4B75927D16E3B86800E97980 /* What's My Fare.app */;
			productType = "com.apple.product-type.application";
		};
/* End PBXNativeTarget section */

/* Begin PBXProject section */
		4B75927516E3B86800E97980 /* Project object */ = {
			isa = PBXProject;
			attributes = {
				CLASSPREFIX = Fare;
				LastUpgradeCheck = 0460;
				ORGANIZATIONNAME = "Martin Tracey";
			};
			buildConfigurationList = 4B75927816E3B86800E97980 /* Build configuration list for PBXProject "What's My Fare" */;
			compatibilityVersion = "Xcode 3.2";
			developmentRegion = English;
			hasScannedForEncodings = 0;
			knownRegions = (
				en,
			);
			mainGroup = 4B75927416E3B86800E97980;
			productRefGroup = 4B75927E16E3B86800E97980 /* Products */;
			projectDirPath = "";
			projectRoot = "";
			targets = (
				4B75927C16E3B86800E97980 /* What's My Fare */,
			);
		};
/* End PBXProject section */

/* Begin PBXResourcesBuildPhase section */
		4B75927B16E3B86800E97980 /* Resources */ = {
			isa = PBXResourcesBuildPhase;
			buildActionMask = 2147483647;
			files = (
				4B75928B16E3B86800E97980 /* InfoPlist.strings in Resources */,
				4B75929316E3B86800E97980 /* Default.png in Resources */,
				4B75929516E3B86800E97980 /* Default@2x.png in Resources */,
				4B75929716E3B86800E97980 /* Default-568h@2x.png in Resources */,
				4B75929A16E3B86800E97980 /* MainStoryboard.storyboard in Resources */,
				4BADFED217385C5400836CC4 /* AppIcon.png in Resources */,
				4BADFED417385C5D00836CC4 /* AppIcon@2x.png in Resources */,
				4BADFF0C1739314D00836CC4 /* add_to_faves.png in Resources */,
				4BADFF0D1739314D00836CC4 /* add_to_faves@2x.png in Resources */,
				4BADFF0E1739314D00836CC4 /* adult.png in Resources */,
				4BADFF0F1739314D00836CC4 /* adult@2x.png in Resources */,
				4BADFF101739314D00836CC4 /* both_luas.png in Resources */,
				4BADFF111739314D00836CC4 /* both@2x.png in Resources */,
				4BADFF121739314D00836CC4 /* child.png in Resources */,
				4BADFF131739314D00836CC4 /* child@2x.png in Resources */,
				4BADFF141739314D00836CC4 /* favourites.png in Resources */,
				4BADFF151739314D00836CC4 /* favourites@2x.png in Resources */,
				4BADFF161739314D00836CC4 /* green_luas.png in Resources */,
				4BADFF171739314D00836CC4 /* green@2x.png in Resources */,
				4BADFF181739314D00836CC4 /* logo.png in Resources */,
				4BADFF191739314D00836CC4 /* logo@2x.png in Resources */,
				4BADFF1A1739314D00836CC4 /* PaymentPlatformDeselected.png in Resources */,
				4BADFF1B1739314D00836CC4 /* PaymentPlatformDeselected@2x.png in Resources */,
				4BADFF1C1739314D00836CC4 /* PaymentPlatformSelected.png in Resources */,
				4BADFF1D1739314D00836CC4 /* PaymentPlatformSelected@2x.png in Resources */,
				4BADFF1E1739314D00836CC4 /* rail.png in Resources */,
				4BADFF1F1739314D00836CC4 /* rail@2x.png in Resources */,
				4BADFF201739314D00836CC4 /* red_luas.png in Resources */,
				4BADFF211739314D00836CC4 /* red@2x.png in Resources */,
				4BADFF221739314D00836CC4 /* student.png in Resources */,
				4BADFF231739314D00836CC4 /* student@2x.png in Resources */,
				4BADFF261739366800836CC4 /* splash_screen.png in Resources */,
				4BADFF271739366800836CC4 /* splash_screen@2x.png in Resources */,
			);
			runOnlyForDeploymentPostprocessing = 0;
		};
/* End PBXResourcesBuildPhase section */

/* Begin PBXSourcesBuildPhase section */
		4B75927916E3B86800E97980 /* Sources */ = {
			isa = PBXSourcesBuildPhase;
			buildActionMask = 2147483647;
			files = (
				4B75928D16E3B86800E97980 /* main.m in Sources */,
				4B75929116E3B86800E97980 /* FareAppDelegate.m in Sources */,
				4B7592A516E3C1FB00E97980 /* HomeTableViewController.m in Sources */,
				4BC0618A16E9154A0067889B /* StopSelectTableViewController.m in Sources */,
				4B6C5B4B16EB93C200673253 /* FareAzureWebServices.m in Sources */,
				4B8A7C48172D82AD0004D2A1 /* FareResultsViewController.m in Sources */,
				4BADFEC21738363600836CC4 /* FareBracketCell.m in Sources */,
				4B05255B17393B4800989699 /* FareSplashScreenViewController.m in Sources */,
			);
			runOnlyForDeploymentPostprocessing = 0;
		};
/* End PBXSourcesBuildPhase section */

/* Begin PBXVariantGroup section */
		4B75928916E3B86800E97980 /* InfoPlist.strings */ = {
			isa = PBXVariantGroup;
			children = (
				4B75928A16E3B86800E97980 /* en */,
			);
			name = InfoPlist.strings;
			sourceTree = "<group>";
		};
		4B75929816E3B86800E97980 /* MainStoryboard.storyboard */ = {
			isa = PBXVariantGroup;
			children = (
				4B75929916E3B86800E97980 /* en */,
			);
			name = MainStoryboard.storyboard;
			sourceTree = "<group>";
		};
/* End PBXVariantGroup section */

/* Begin XCBuildConfiguration section */
		4B75929E16E3B86800E97980 /* Debug */ = {
			isa = XCBuildConfiguration;
			buildSettings = {
				ALWAYS_SEARCH_USER_PATHS = NO;
				CLANG_CXX_LANGUAGE_STANDARD = "gnu++0x";
				CLANG_CXX_LIBRARY = "libc++";
				CLANG_ENABLE_OBJC_ARC = YES;
				CLANG_WARN_CONSTANT_CONVERSION = YES;
				CLANG_WARN_EMPTY_BODY = YES;
				CLANG_WARN_ENUM_CONVERSION = YES;
				CLANG_WARN_INT_CONVERSION = YES;
				CLANG_WARN__DUPLICATE_METHOD_MATCH = YES;
				"CODE_SIGN_IDENTITY[sdk=iphoneos*]" = "iPhone Developer";
				COPY_PHASE_STRIP = NO;
				GCC_C_LANGUAGE_STANDARD = gnu99;
				GCC_DYNAMIC_NO_PIC = NO;
				GCC_OPTIMIZATION_LEVEL = 0;
				GCC_PREPROCESSOR_DEFINITIONS = (
					"DEBUG=1",
					"$(inherited)",
				);
				GCC_SYMBOLS_PRIVATE_EXTERN = NO;
				GCC_WARN_ABOUT_RETURN_TYPE = YES;
				GCC_WARN_UNINITIALIZED_AUTOS = YES;
				GCC_WARN_UNUSED_VARIABLE = YES;
				IPHONEOS_DEPLOYMENT_TARGET = 5.0;
				ONLY_ACTIVE_ARCH = YES;
				SDKROOT = iphoneos;
			};
			name = Debug;
		};
		4B75929F16E3B86800E97980 /* Release */ = {
			isa = XCBuildConfiguration;
			buildSettings = {
				ALWAYS_SEARCH_USER_PATHS = NO;
				CLANG_CXX_LANGUAGE_STANDARD = "gnu++0x";
				CLANG_CXX_LIBRARY = "libc++";
				CLANG_ENABLE_OBJC_ARC = YES;
				CLANG_WARN_CONSTANT_CONVERSION = YES;
				CLANG_WARN_EMPTY_BODY = YES;
				CLANG_WARN_ENUM_CONVERSION = YES;
				CLANG_WARN_INT_CONVERSION = YES;
				CLANG_WARN__DUPLICATE_METHOD_MATCH = YES;
				"CODE_SIGN_IDENTITY[sdk=iphoneos*]" = "iPhone Developer";
				COPY_PHASE_STRIP = YES;
				GCC_C_LANGUAGE_STANDARD = gnu99;
				GCC_WARN_ABOUT_RETURN_TYPE = YES;
				GCC_WARN_UNINITIALIZED_AUTOS = YES;
				GCC_WARN_UNUSED_VARIABLE = YES;
				IPHONEOS_DEPLOYMENT_TARGET = 5.0;
				OTHER_CFLAGS = "-DNS_BLOCK_ASSERTIONS=1";
				SDKROOT = iphoneos;
				VALIDATE_PRODUCT = YES;
			};
			name = Release;
		};
		4B7592A116E3B86800E97980 /* Debug */ = {
			isa = XCBuildConfiguration;
			buildSettings = {
				FRAMEWORK_SEARCH_PATHS = (
					"$(inherited)",
					"\"$(SRCROOT)\"",
				);
				GCC_PRECOMPILE_PREFIX_HEADER = YES;
				GCC_PREFIX_HEADER = "What's My Fare/What's My Fare-Prefix.pch";
				INFOPLIST_FILE = "What's My Fare/What's My Fare-Info.plist";
				IPHONEOS_DEPLOYMENT_TARGET = 5.0;
				PRODUCT_NAME = "$(TARGET_NAME)";
				WRAPPER_EXTENSION = app;
			};
			name = Debug;
		};
		4B7592A216E3B86800E97980 /* Release */ = {
			isa = XCBuildConfiguration;
			buildSettings = {
				FRAMEWORK_SEARCH_PATHS = (
					"$(inherited)",
					"\"$(SRCROOT)\"",
				);
				GCC_PRECOMPILE_PREFIX_HEADER = YES;
				GCC_PREFIX_HEADER = "What's My Fare/What's My Fare-Prefix.pch";
				INFOPLIST_FILE = "What's My Fare/What's My Fare-Info.plist";
				IPHONEOS_DEPLOYMENT_TARGET = 5.0;
				PRODUCT_NAME = "$(TARGET_NAME)";
				WRAPPER_EXTENSION = app;
			};
			name = Release;
		};
/* End XCBuildConfiguration section */

/* Begin XCConfigurationList section */
		4B75927816E3B86800E97980 /* Build configuration list for PBXProject "What's My Fare" */ = {
			isa = XCConfigurationList;
			buildConfigurations = (
				4B75929E16E3B86800E97980 /* Debug */,
				4B75929F16E3B86800E97980 /* Release */,
			);
			defaultConfigurationIsVisible = 0;
			defaultConfigurationName = Release;
		};
		4B7592A016E3B86800E97980 /* Build configuration list for PBXNativeTarget "What's My Fare" */ = {
			isa = XCConfigurationList;
			buildConfigurations = (
				4B7592A116E3B86800E97980 /* Debug */,
				4B7592A216E3B86800E97980 /* Release */,
			);
			defaultConfigurationIsVisible = 0;
			defaultConfigurationName = Release;
		};
/* End XCConfigurationList section */
	};
	rootObject = 4B75927516E3B86800E97980 /* Project object */;
}
